
Microsoft Visual Studio Solution File, Format Version 12.00
# Visual Studio Version 17
VisualStudioVersion = 17.12.35707.178
MinimumVisualStudioVersion = 10.0.40219.1
Project("{2150E333-8FDC-42A3-9474-1A3956D46DE8}") = "Models", "Models", "{5EC34F3A-7F3C-4337-9CFB-D2EB7CDDB3F3}"
	ProjectSection(SolutionItems) = preProject
		Models\yolo11n-cls.onnx = Models\yolo11n-cls.onnx
		Models\yolo11n-obb.onnx = Models\yolo11n-obb.onnx
		Models\yolo11n-pose.onnx = Models\yolo11n-pose.onnx
		Models\yolo11n-seg.onnx = Models\yolo11n-seg.onnx
		Models\yolo11n.onnx = Models\yolo11n.onnx
		Models\yolov10s.onnx = Models\yolov10s.onnx
		Models\yolov11s-cls.onnx = Models\yolov11s-cls.onnx
		Models\yolov11s-obb.onnx = Models\yolov11s-obb.onnx
		Models\yolov11s-pose.onnx = Models\yolov11s-pose.onnx
		Models\yolov11s-seg.onnx = Models\yolov11s-seg.onnx
		Models\yolov11s.onnx = Models\yolov11s.onnx
		Models\yolov8n-cls-uint8.onnx = Models\yolov8n-cls-uint8.onnx
		Models\yolov8n-pose-uint8.onnx = Models\yolov8n-pose-uint8.onnx
		Models\yolov8n-seg-uint8.onnx = Models\yolov8n-seg-uint8.onnx
		Models\yolov8n-uint8.onnx = Models\yolov8n-uint8.onnx
		Models\yolov8n.onnx = Models\yolov8n.onnx
		Models\yolov8s-cls.onnx = Models\yolov8s-cls.onnx
		Models\yolov8s-obb.onnx = Models\yolov8s-obb.onnx
		Models\yolov8s-pose.onnx = Models\yolov8s-pose.onnx
		Models\yolov8s-seg.onnx = Models\yolov8s-seg.onnx
		Models\yolov8s.onnx = Models\yolov8s.onnx
		Models\yolov9s.onnx = Models\yolov9s.onnx
	EndProjectSection
EndProject
Project("{FAE04EC0-301F-11D3-BF4B-00C04F79EFBC}") = "SecurityCameraHttpClient", "SecurityCameraHttpClient\SecurityCameraHttpClient.csproj", "{DE0031F6-AFF0-434D-A893-E8A0D10A29DC}"
EndProject
Project("{2150E333-8FDC-42A3-9474-1A3956D46DE8}") = "SecurityCameraHttpClientImages", "SecurityCameraHttpClientImages", "{2FE5F6D6-33E6-4BD0-9B19-553699E3B325}"
EndProject
Project("{FAE04EC0-301F-11D3-BF4B-00C04F79EFBC}") = "YoloSharpImageClassificationApplication", "YoloSharpImageClassificationApplication\YoloSharpImageClassificationApplication.csproj", "{A3518BE6-D084-4644-9F8A-DF05C71DEF8E}"
EndProject
Project("{FAE04EC0-301F-11D3-BF4B-00C04F79EFBC}") = "YoloSharpObjectDetectionApplication", "YoloSharpObjectDetectionApplication\YoloSharpObjectDetectionApplication.csproj", "{009D23A0-31D7-4DC4-A254-09D96110EB43}"
EndProject
Project("{FAE04EC0-301F-11D3-BF4B-00C04F79EFBC}") = "YoloSharpPoseEstimationApplication", "YoloSharpPoseEstimationApplication\YoloSharpPoseEstimationApplication.csproj", "{06D6BE9A-CA3C-48B5-83C6-E09730A69CD7}"
EndProject
Global
	GlobalSection(SolutionConfigurationPlatforms) = preSolution
		Debug|Any CPU = Debug|Any CPU
		Release|Any CPU = Release|Any CPU
	EndGlobalSection
	GlobalSection(ProjectConfigurationPlatforms) = postSolution
		{DE0031F6-AFF0-434D-A893-E8A0D10A29DC}.Debug|Any CPU.ActiveCfg = Debug|Any CPU
		{DE0031F6-AFF0-434D-A893-E8A0D10A29DC}.Debug|Any CPU.Build.0 = Debug|Any CPU
		{DE0031F6-AFF0-434D-A893-E8A0D10A29DC}.Release|Any CPU.ActiveCfg = Release|Any CPU
		{DE0031F6-AFF0-434D-A893-E8A0D10A29DC}.Release|Any CPU.Build.0 = Release|Any CPU
		{A3518BE6-D084-4644-9F8A-DF05C71DEF8E}.Debug|Any CPU.ActiveCfg = Debug|Any CPU
		{A3518BE6-D084-4644-9F8A-DF05C71DEF8E}.Debug|Any CPU.Build.0 = Debug|Any CPU
		{A3518BE6-D084-4644-9F8A-DF05C71DEF8E}.Release|Any CPU.ActiveCfg = Release|Any CPU
		{A3518BE6-D084-4644-9F8A-DF05C71DEF8E}.Release|Any CPU.Build.0 = Release|Any CPU
		{009D23A0-31D7-4DC4-A254-09D96110EB43}.Debug|Any CPU.ActiveCfg = Debug|Any CPU
		{009D23A0-31D7-4DC4-A254-09D96110EB43}.Debug|Any CPU.Build.0 = Debug|Any CPU
		{009D23A0-31D7-4DC4-A254-09D96110EB43}.Release|Any CPU.ActiveCfg = Release|Any CPU
		{009D23A0-31D7-4DC4-A254-09D96110EB43}.Release|Any CPU.Build.0 = Release|Any CPU
		{06D6BE9A-CA3C-48B5-83C6-E09730A69CD7}.Debug|Any CPU.ActiveCfg = Debug|Any CPU
		{06D6BE9A-CA3C-48B5-83C6-E09730A69CD7}.Debug|Any CPU.Build.0 = Debug|Any CPU
		{06D6BE9A-CA3C-48B5-83C6-E09730A69CD7}.Release|Any CPU.ActiveCfg = Release|Any CPU
		{06D6BE9A-CA3C-48B5-83C6-E09730A69CD7}.Release|Any CPU.Build.0 = Release|Any CPU
	EndGlobalSection
	GlobalSection(SolutionProperties) = preSolution
		HideSolutionNode = FALSE
	EndGlobalSection
EndGlobal
