
Microsoft Visual Studio Solution File, Format Version 12.00
# Visual Studio Version 17
VisualStudioVersion = 17.12.35707.178
MinimumVisualStudioVersion = 10.0.40219.1
Project("{2150E333-8FDC-42A3-9474-1A3956D46DE8}") = "Models", "Models", "{5EC34F3A-7F3C-4337-9CFB-D2EB7CDDB3F3}"
	ProjectSection(SolutionItems) = preProject
		Models\resnet50-v2-7.onnx = Models\resnet50-v2-7.onnx
		Models\yolo11n-cls.onnx = Models\yolo11n-cls.onnx
		Models\yolo11n-obb.onnx = Models\yolo11n-obb.onnx
		Models\yolo11n-pose.onnx = Models\yolo11n-pose.onnx
		Models\yolo11n-seg.onnx = Models\yolo11n-seg.onnx
		Models\yolo11n.onnx = Models\yolo11n.onnx
		Models\yolov10s.onnx = Models\yolov10s.onnx
		Models\yolov11s-cls.onnx = Models\yolov11s-cls.onnx
		Models\yolov11s-obb.onnx = Models\yolov11s-obb.onnx
		Models\yolov11s-pose.onnx = Models\yolov11s-pose.onnx
		Models\yolov11s-seg.onnx = Models\yolov11s-seg.onnx
		Models\yolov11s.onnx = Models\yolov11s.onnx
		Models\yolov8n-cls-uint8.onnx = Models\yolov8n-cls-uint8.onnx
		Models\yolov8n-pose-uint8.onnx = Models\yolov8n-pose-uint8.onnx
		Models\yolov8n-seg-uint8.onnx = Models\yolov8n-seg-uint8.onnx
		Models\yolov8n-uint8.onnx = Models\yolov8n-uint8.onnx
		Models\yolov8n.onnx = Models\yolov8n.onnx
		Models\yolov8s-cls.onnx = Models\yolov8s-cls.onnx
		Models\yolov8s-obb.onnx = Models\yolov8s-obb.onnx
		Models\yolov8s-pose.onnx = Models\yolov8s-pose.onnx
		Models\yolov8s-seg.onnx = Models\yolov8s-seg.onnx
		Models\yolov8s.onnx = Models\yolov8s.onnx
		Models\yolov9s.onnx = Models\yolov9s.onnx
	EndProjectSection
EndProject
Project("{FAE04EC0-301F-11D3-BF4B-00C04F79EFBC}") = "SecurityCameraHttpClient", "SecurityCameraHttpClient\SecurityCameraHttpClient.csproj", "{DE0031F6-AFF0-434D-A893-E8A0D10A29DC}"
EndProject
Project("{FAE04EC0-301F-11D3-BF4B-00C04F79EFBC}") = "YoloSharpImageClassificationApplication", "YoloSharpImageClassificationApplication\YoloSharpImageClassificationApplication.csproj", "{A3518BE6-D084-4644-9F8A-DF05C71DEF8E}"
EndProject
Project("{FAE04EC0-301F-11D3-BF4B-00C04F79EFBC}") = "YoloSharpObjectDetectionApplication", "YoloSharpObjectDetectionApplication\YoloSharpObjectDetectionApplication.csproj", "{009D23A0-31D7-4DC4-A254-09D96110EB43}"
EndProject
Project("{FAE04EC0-301F-11D3-BF4B-00C04F79EFBC}") = "YoloSharpPoseEstimationApplication", "YoloSharpPoseEstimationApplication\YoloSharpPoseEstimationApplication.csproj", "{06D6BE9A-CA3C-48B5-83C6-E09730A69CD7}"
EndProject
Project("{FAE04EC0-301F-11D3-BF4B-00C04F79EFBC}") = "YoloSharpObjectDetectionHttpTriggerFunction", "YoloSharpObjectDetectionHttpTriggerFunction\YoloSharpObjectDetectionHttpTriggerFunction.csproj", "{D3E110E5-ECFF-4EB7-8C15-4F94499C4693}"
EndProject
Project("{FAE04EC0-301F-11D3-BF4B-00C04F79EFBC}") = "YoloSharpImageClassificationHttpTriggerFunction", "YoloSharpImageClassificationHttpTriggerFunction\YoloSharpImageClassificationHttpTriggerFunction.csproj", "{E85A2277-53F3-4041-96E4-D083E5896131}"
EndProject
Project("{FAE04EC0-301F-11D3-BF4B-00C04F79EFBC}") = "SecurityCameraHttpClientYoloSharpObjectDetection", "SecurityCameraHttpClientYoloSharpObjectDetection\SecurityCameraHttpClientYoloSharpObjectDetection.csproj", "{AEB48CB9-E5B1-4313-996D-42842318A247}"
EndProject
Project("{FAE04EC0-301F-11D3-BF4B-00C04F79EFBC}") = "SecurityCameraHttpClientYoloDotNetObjectDetection", "SecurityCameraHttpClientYoloDotNetObjectDetection\SecurityCameraHttpClientYoloDotNetObjectDetection.csproj", "{CDE105C9-5AA7-4441-A712-058FA01A90F5}"
EndProject
Project("{FAE04EC0-301F-11D3-BF4B-00C04F79EFBC}") = "SecurityCameraDiscovery", "SecurityCameraDiscovery\SecurityCameraDiscovery.csproj", "{D9530C73-1F31-4AC5-B7B6-8EED7BF70DBF}"
EndProject
Project("{2150E333-8FDC-42A3-9474-1A3956D46DE8}") = "Utilities", "Utilities", "{371F4F87-D907-46FD-82A8-3B7296DA5F9C}"
EndProject
Project("{2150E333-8FDC-42A3-9474-1A3956D46DE8}") = "YoloSharp", "YoloSharp", "{02EA681E-C7D8-13C7-8484-4AC65E1B71E8}"
EndProject
Project("{2150E333-8FDC-42A3-9474-1A3956D46DE8}") = "YoloDotNet", "YoloDotNet", "{04AEA2E4-F8E3-4140-9B37-D3070639185D}"
EndProject
Project("{2150E333-8FDC-42A3-9474-1A3956D46DE8}") = "ONNXResnet50", "ONNXResnet50", "{25C8A93B-1A80-4B42-9DE3-B97B47855B8F}"
EndProject
Project("{FAE04EC0-301F-11D3-BF4B-00C04F79EFBC}") = "ONNXResnetV50ObjectClassificationApplication", "ONNXResnetV50ObjectClassificationApplication\ONNXResnetV50ObjectClassificationApplication.csproj", "{8C49F117-216C-47DE-FE14-0CB554D334B3}"
EndProject
Project("{FAE04EC0-301F-11D3-BF4B-00C04F79EFBC}") = "ONNXResnet50ObjectClassificationHttpTrigger", "ONNXResnetV50ObjectClassificationHttpTrigger\ONNXResnet50ObjectClassificationHttpTrigger.csproj", "{E1B55363-EE2A-B3BC-D939-B6ED4FE39F8E}"
EndProject
Project("{FAE04EC0-301F-11D3-BF4B-00C04F79EFBC}") = "ImageFileUploader", "ImageFileUploader\ImageFileUploader.csproj", "{83AC8C20-F5C9-43FB-A411-343133B01B77}"
EndProject
Project("{2150E333-8FDC-42A3-9474-1A3956D46DE8}") = "Images", "Images", "{1482BE7D-D084-4609-9AB8-C529965AC888}"
EndProject
Project("{FAE04EC0-301F-11D3-BF4B-00C04F79EFBC}") = "ImageFileUploadHandler", "ImageFileUploadHandler\ImageFileUploadHandler.csproj", "{DD843071-81EF-49F3-B293-2306078A3B71}"
EndProject
Global
	GlobalSection(SolutionConfigurationPlatforms) = preSolution
		Debug|Any CPU = Debug|Any CPU
		Release|Any CPU = Release|Any CPU
	EndGlobalSection
	GlobalSection(ProjectConfigurationPlatforms) = postSolution
		{DE0031F6-AFF0-434D-A893-E8A0D10A29DC}.Debug|Any CPU.ActiveCfg = Debug|Any CPU
		{DE0031F6-AFF0-434D-A893-E8A0D10A29DC}.Debug|Any CPU.Build.0 = Debug|Any CPU
		{DE0031F6-AFF0-434D-A893-E8A0D10A29DC}.Release|Any CPU.ActiveCfg = Release|Any CPU
		{DE0031F6-AFF0-434D-A893-E8A0D10A29DC}.Release|Any CPU.Build.0 = Release|Any CPU
		{A3518BE6-D084-4644-9F8A-DF05C71DEF8E}.Debug|Any CPU.ActiveCfg = Debug|Any CPU
		{A3518BE6-D084-4644-9F8A-DF05C71DEF8E}.Debug|Any CPU.Build.0 = Debug|Any CPU
		{A3518BE6-D084-4644-9F8A-DF05C71DEF8E}.Release|Any CPU.ActiveCfg = Release|Any CPU
		{A3518BE6-D084-4644-9F8A-DF05C71DEF8E}.Release|Any CPU.Build.0 = Release|Any CPU
		{009D23A0-31D7-4DC4-A254-09D96110EB43}.Debug|Any CPU.ActiveCfg = Debug|Any CPU
		{009D23A0-31D7-4DC4-A254-09D96110EB43}.Debug|Any CPU.Build.0 = Debug|Any CPU
		{009D23A0-31D7-4DC4-A254-09D96110EB43}.Release|Any CPU.ActiveCfg = Release|Any CPU
		{009D23A0-31D7-4DC4-A254-09D96110EB43}.Release|Any CPU.Build.0 = Release|Any CPU
		{06D6BE9A-CA3C-48B5-83C6-E09730A69CD7}.Debug|Any CPU.ActiveCfg = Debug|Any CPU
		{06D6BE9A-CA3C-48B5-83C6-E09730A69CD7}.Debug|Any CPU.Build.0 = Debug|Any CPU
		{06D6BE9A-CA3C-48B5-83C6-E09730A69CD7}.Release|Any CPU.ActiveCfg = Release|Any CPU
		{06D6BE9A-CA3C-48B5-83C6-E09730A69CD7}.Release|Any CPU.Build.0 = Release|Any CPU
		{D3E110E5-ECFF-4EB7-8C15-4F94499C4693}.Debug|Any CPU.ActiveCfg = Debug|Any CPU
		{D3E110E5-ECFF-4EB7-8C15-4F94499C4693}.Debug|Any CPU.Build.0 = Debug|Any CPU
		{D3E110E5-ECFF-4EB7-8C15-4F94499C4693}.Release|Any CPU.ActiveCfg = Release|Any CPU
		{D3E110E5-ECFF-4EB7-8C15-4F94499C4693}.Release|Any CPU.Build.0 = Release|Any CPU
		{E85A2277-53F3-4041-96E4-D083E5896131}.Debug|Any CPU.ActiveCfg = Debug|Any CPU
		{E85A2277-53F3-4041-96E4-D083E5896131}.Debug|Any CPU.Build.0 = Debug|Any CPU
		{E85A2277-53F3-4041-96E4-D083E5896131}.Release|Any CPU.ActiveCfg = Release|Any CPU
		{E85A2277-53F3-4041-96E4-D083E5896131}.Release|Any CPU.Build.0 = Release|Any CPU
		{AEB48CB9-E5B1-4313-996D-42842318A247}.Debug|Any CPU.ActiveCfg = Debug|Any CPU
		{AEB48CB9-E5B1-4313-996D-42842318A247}.Debug|Any CPU.Build.0 = Debug|Any CPU
		{AEB48CB9-E5B1-4313-996D-42842318A247}.Release|Any CPU.ActiveCfg = Release|Any CPU
		{AEB48CB9-E5B1-4313-996D-42842318A247}.Release|Any CPU.Build.0 = Release|Any CPU
		{CDE105C9-5AA7-4441-A712-058FA01A90F5}.Debug|Any CPU.ActiveCfg = Debug|Any CPU
		{CDE105C9-5AA7-4441-A712-058FA01A90F5}.Debug|Any CPU.Build.0 = Debug|Any CPU
		{CDE105C9-5AA7-4441-A712-058FA01A90F5}.Release|Any CPU.ActiveCfg = Release|Any CPU
		{CDE105C9-5AA7-4441-A712-058FA01A90F5}.Release|Any CPU.Build.0 = Release|Any CPU
		{D9530C73-1F31-4AC5-B7B6-8EED7BF70DBF}.Debug|Any CPU.ActiveCfg = Debug|Any CPU
		{D9530C73-1F31-4AC5-B7B6-8EED7BF70DBF}.Debug|Any CPU.Build.0 = Debug|Any CPU
		{D9530C73-1F31-4AC5-B7B6-8EED7BF70DBF}.Release|Any CPU.ActiveCfg = Release|Any CPU
		{D9530C73-1F31-4AC5-B7B6-8EED7BF70DBF}.Release|Any CPU.Build.0 = Release|Any CPU
		{8C49F117-216C-47DE-FE14-0CB554D334B3}.Debug|Any CPU.ActiveCfg = Debug|Any CPU
		{8C49F117-216C-47DE-FE14-0CB554D334B3}.Debug|Any CPU.Build.0 = Debug|Any CPU
		{8C49F117-216C-47DE-FE14-0CB554D334B3}.Release|Any CPU.ActiveCfg = Release|Any CPU
		{8C49F117-216C-47DE-FE14-0CB554D334B3}.Release|Any CPU.Build.0 = Release|Any CPU
		{E1B55363-EE2A-B3BC-D939-B6ED4FE39F8E}.Debug|Any CPU.ActiveCfg = Debug|Any CPU
		{E1B55363-EE2A-B3BC-D939-B6ED4FE39F8E}.Debug|Any CPU.Build.0 = Debug|Any CPU
		{E1B55363-EE2A-B3BC-D939-B6ED4FE39F8E}.Release|Any CPU.ActiveCfg = Release|Any CPU
		{E1B55363-EE2A-B3BC-D939-B6ED4FE39F8E}.Release|Any CPU.Build.0 = Release|Any CPU
		{83AC8C20-F5C9-43FB-A411-343133B01B77}.Debug|Any CPU.ActiveCfg = Debug|Any CPU
		{83AC8C20-F5C9-43FB-A411-343133B01B77}.Debug|Any CPU.Build.0 = Debug|Any CPU
		{83AC8C20-F5C9-43FB-A411-343133B01B77}.Release|Any CPU.ActiveCfg = Release|Any CPU
		{83AC8C20-F5C9-43FB-A411-343133B01B77}.Release|Any CPU.Build.0 = Release|Any CPU
		{DD843071-81EF-49F3-B293-2306078A3B71}.Debug|Any CPU.ActiveCfg = Debug|Any CPU
		{DD843071-81EF-49F3-B293-2306078A3B71}.Debug|Any CPU.Build.0 = Debug|Any CPU
		{DD843071-81EF-49F3-B293-2306078A3B71}.Release|Any CPU.ActiveCfg = Release|Any CPU
		{DD843071-81EF-49F3-B293-2306078A3B71}.Release|Any CPU.Build.0 = Release|Any CPU
	EndGlobalSection
	GlobalSection(SolutionProperties) = preSolution
		HideSolutionNode = FALSE
	EndGlobalSection
	GlobalSection(NestedProjects) = preSolution
		{A3518BE6-D084-4644-9F8A-DF05C71DEF8E} = {02EA681E-C7D8-13C7-8484-4AC65E1B71E8}
		{009D23A0-31D7-4DC4-A254-09D96110EB43} = {02EA681E-C7D8-13C7-8484-4AC65E1B71E8}
		{06D6BE9A-CA3C-48B5-83C6-E09730A69CD7} = {02EA681E-C7D8-13C7-8484-4AC65E1B71E8}
		{D3E110E5-ECFF-4EB7-8C15-4F94499C4693} = {02EA681E-C7D8-13C7-8484-4AC65E1B71E8}
		{E85A2277-53F3-4041-96E4-D083E5896131} = {02EA681E-C7D8-13C7-8484-4AC65E1B71E8}
		{AEB48CB9-E5B1-4313-996D-42842318A247} = {02EA681E-C7D8-13C7-8484-4AC65E1B71E8}
		{CDE105C9-5AA7-4441-A712-058FA01A90F5} = {04AEA2E4-F8E3-4140-9B37-D3070639185D}
		{D9530C73-1F31-4AC5-B7B6-8EED7BF70DBF} = {371F4F87-D907-46FD-82A8-3B7296DA5F9C}
		{8C49F117-216C-47DE-FE14-0CB554D334B3} = {25C8A93B-1A80-4B42-9DE3-B97B47855B8F}
		{E1B55363-EE2A-B3BC-D939-B6ED4FE39F8E} = {25C8A93B-1A80-4B42-9DE3-B97B47855B8F}
	EndGlobalSection
	GlobalSection(ExtensibilityGlobals) = postSolution
		SolutionGuid = {357C3355-2A0B-4770-BCE2-A303A650669B}
	EndGlobalSection
EndGlobal
